# THIS IS AN AUTOGENERATED FILE. DO NOT EDIT THIS FILE DIRECTLY.
# yarn lockfile v1


pocketbase@^0.21.4:
  version "0.21.4"
  resolved "https://registry.yarnpkg.com/pocketbase/-/pocketbase-0.21.4.tgz#8ea951009a98e74d24606e3b403ca05e505ef715"
  integrity sha512-WJHyaqdAt95JgZ1OCRD099+DST4IIG0M/jMrCckWYDSN/6ocp61qsz7m6h0xI0J2N79ScBljceEC0fFAaQrrAw==
